
Microsoft Visual Studio Solution File, Format Version 12.00
# Visual Studio Version 17
VisualStudioVersion = 17.14.36310.24
MinimumVisualStudioVersion = 10.0.40219.1
Project("{9A19103F-16F7-4668-BE54-9A1E7A4F7556}") = "LaboratorioClinico.Application", "LaboratorioClinico.Application\LaboratorioClinico.Application.csproj", "{31AF6722-6C2C-42AC-B50D-BC0E2B0EEDC9}"
EndProject
Project("{9A19103F-16F7-4668-BE54-9A1E7A4F7556}") = "LaboratorioClinico.Domain", "LaboratorioClinico.Domain\LaboratorioClinico.Domain.csproj", "{19F96F9C-6CCF-4BBB-BCB1-475908D26E99}"
EndProject
Project("{9A19103F-16F7-4668-BE54-9A1E7A4F7556}") = "LaboratorioClinico.Infrastructure", "LaboratorioClinico.Infrastucture\LaboratorioClinico.Infrastructure.csproj", "{BD64F3DC-B282-4BA0-A7CF-77A677E706A2}"
EndProject
Project("{9A19103F-16F7-4668-BE54-9A1E7A4F7556}") = "LaboratorioClinico.WebAPI", "LaboratorioClinico.WebAPI\LaboratorioClinico.WebAPI.csproj", "{FE059D24-0E08-4875-8822-E2A233959F7F}"
EndProject
Project("{FAE04EC0-301F-11D3-BF4B-00C04F79EFBC}") = "LaboratorioClinico.UnitTest.AppMSTest", "LaboratorioClinico.UnitTest.AppMSTest\LaboratorioClinico.UnitTest.AppMSTest.csproj", "{7FF9C618-341C-4745-B801-D2EBFB370201}"
EndProject
Project("{FAE04EC0-301F-11D3-BF4B-00C04F79EFBC}") = "LaboratorioClinico.UnitTest.AppxUnit", "LaboratorioClinico.UnitTest.AppxUnit\LaboratorioClinico.UnitTest.AppxUnit.csproj", "{ED718938-D1C8-4636-B6F6-F80E7BD42253}"
EndProject
Project("{FAE04EC0-301F-11D3-BF4B-00C04F79EFBC}") = "PruebaUIWeb", "PruebaUIWeb\PruebaUIWeb.csproj", "{71637639-E4D8-47BD-BA0F-6A20727D4A12}"
EndProject
Global
	GlobalSection(SolutionConfigurationPlatforms) = preSolution
		Debug|Any CPU = Debug|Any CPU
		Release|Any CPU = Release|Any CPU
	EndGlobalSection
	GlobalSection(ProjectConfigurationPlatforms) = postSolution
		{31AF6722-6C2C-42AC-B50D-BC0E2B0EEDC9}.Debug|Any CPU.ActiveCfg = Debug|Any CPU
		{31AF6722-6C2C-42AC-B50D-BC0E2B0EEDC9}.Debug|Any CPU.Build.0 = Debug|Any CPU
		{31AF6722-6C2C-42AC-B50D-BC0E2B0EEDC9}.Release|Any CPU.ActiveCfg = Release|Any CPU
		{31AF6722-6C2C-42AC-B50D-BC0E2B0EEDC9}.Release|Any CPU.Build.0 = Release|Any CPU
		{19F96F9C-6CCF-4BBB-BCB1-475908D26E99}.Debug|Any CPU.ActiveCfg = Debug|Any CPU
		{19F96F9C-6CCF-4BBB-BCB1-475908D26E99}.Debug|Any CPU.Build.0 = Debug|Any CPU
		{19F96F9C-6CCF-4BBB-BCB1-475908D26E99}.Release|Any CPU.ActiveCfg = Release|Any CPU
		{19F96F9C-6CCF-4BBB-BCB1-475908D26E99}.Release|Any CPU.Build.0 = Release|Any CPU
		{BD64F3DC-B282-4BA0-A7CF-77A677E706A2}.Debug|Any CPU.ActiveCfg = Debug|Any CPU
		{BD64F3DC-B282-4BA0-A7CF-77A677E706A2}.Debug|Any CPU.Build.0 = Debug|Any CPU
		{BD64F3DC-B282-4BA0-A7CF-77A677E706A2}.Release|Any CPU.ActiveCfg = Release|Any CPU
		{BD64F3DC-B282-4BA0-A7CF-77A677E706A2}.Release|Any CPU.Build.0 = Release|Any CPU
		{FE059D24-0E08-4875-8822-E2A233959F7F}.Debug|Any CPU.ActiveCfg = Debug|Any CPU
		{FE059D24-0E08-4875-8822-E2A233959F7F}.Debug|Any CPU.Build.0 = Debug|Any CPU
		{FE059D24-0E08-4875-8822-E2A233959F7F}.Release|Any CPU.ActiveCfg = Release|Any CPU
		{FE059D24-0E08-4875-8822-E2A233959F7F}.Release|Any CPU.Build.0 = Release|Any CPU
		{7FF9C618-341C-4745-B801-D2EBFB370201}.Debug|Any CPU.ActiveCfg = Debug|Any CPU
		{7FF9C618-341C-4745-B801-D2EBFB370201}.Debug|Any CPU.Build.0 = Debug|Any CPU
		{7FF9C618-341C-4745-B801-D2EBFB370201}.Release|Any CPU.ActiveCfg = Release|Any CPU
		{7FF9C618-341C-4745-B801-D2EBFB370201}.Release|Any CPU.Build.0 = Release|Any CPU
		{ED718938-D1C8-4636-B6F6-F80E7BD42253}.Debug|Any CPU.ActiveCfg = Debug|Any CPU
		{ED718938-D1C8-4636-B6F6-F80E7BD42253}.Debug|Any CPU.Build.0 = Debug|Any CPU
		{ED718938-D1C8-4636-B6F6-F80E7BD42253}.Release|Any CPU.ActiveCfg = Release|Any CPU
		{ED718938-D1C8-4636-B6F6-F80E7BD42253}.Release|Any CPU.Build.0 = Release|Any CPU
		{71637639-E4D8-47BD-BA0F-6A20727D4A12}.Debug|Any CPU.ActiveCfg = Debug|Any CPU
		{71637639-E4D8-47BD-BA0F-6A20727D4A12}.Debug|Any CPU.Build.0 = Debug|Any CPU
		{71637639-E4D8-47BD-BA0F-6A20727D4A12}.Release|Any CPU.ActiveCfg = Release|Any CPU
		{71637639-E4D8-47BD-BA0F-6A20727D4A12}.Release|Any CPU.Build.0 = Release|Any CPU
	EndGlobalSection
	GlobalSection(SolutionProperties) = preSolution
		HideSolutionNode = FALSE
	EndGlobalSection
	GlobalSection(ExtensibilityGlobals) = postSolution
		SolutionGuid = {9D20EA88-5CD4-4290-9EEE-F748E11A63FD}
	EndGlobalSection
EndGlobal
